
Microsoft Visual Studio Solution File, Format Version 12.00
# Visual Studio 14
VisualStudioVersion = 14.0.24720.0
MinimumVisualStudioVersion = 10.0.40219.1
Project("{2150E333-8FDC-42A3-9474-1A3956D46DE8}") = "InitialSample", "InitialSample", "{68146042-7EA7-4B63-B672-7AF94718E792}"
EndProject
Project("{2150E333-8FDC-42A3-9474-1A3956D46DE8}") = "ConstructorSample", "ConstructorSample", "{9C26E7D6-67A9-4C1E-A5B6-DD1DBDD7E837}"
EndProject
Project("{FAE04EC0-301F-11D3-BF4B-00C04F79EFBC}") = "Cars", "InitialSample\Cars\Cars.csproj", "{D88C16A9-120B-4059-AFD3-E278F7FAF41F}"
EndProject
Project("{FAE04EC0-301F-11D3-BF4B-00C04F79EFBC}") = "Composition.Samples.Initial", "InitialSample\Composition.Samples\Composition.Samples.Initial.csproj", "{F13C9855-6A5D-4E08-99CC-53AD0777A6CB}"
EndProject
Project("{FAE04EC0-301F-11D3-BF4B-00C04F79EFBC}") = "Composition.Samples.ConstructorSample.App", "ConstructorSample\Composition.Samples.ConstructorSample\Composition.Samples.ConstructorSample.App.csproj", "{5002B05A-532A-4791-A850-02459B5C9EA7}"
EndProject
Project("{FAE04EC0-301F-11D3-BF4B-00C04F79EFBC}") = "Composition.Samples.ContructorSample.Cars", "Composition.Samples.ContructorSample.Cars\Composition.Samples.ContructorSample.Cars.csproj", "{14FA4D26-5D9F-455B-BFE1-80E92106C254}"
EndProject
Project("{2150E333-8FDC-42A3-9474-1A3956D46DE8}") = "MetadataSample", "MetadataSample", "{E62189A1-BDF0-4297-836E-994C82599200}"
EndProject
Project("{FAE04EC0-301F-11D3-BF4B-00C04F79EFBC}") = "CompositionSamples.MetadataSample.App", "CompositionSamples.MetadataSample.App\CompositionSamples.MetadataSample.App.csproj", "{777EF8D8-EDAD-455A-A708-05748E40934A}"
EndProject
Project("{FAE04EC0-301F-11D3-BF4B-00C04F79EFBC}") = "CompositionSamples.MetadataSample.Cars", "CompositionSamples.MetadataSample.Cars\CompositionSamples.MetadataSample.Cars.csproj", "{62CDE6A1-E26C-41B1-94A2-53F7D2A9BECC}"
EndProject
Global
	GlobalSection(SolutionConfigurationPlatforms) = preSolution
		Debug|Any CPU = Debug|Any CPU
		Release|Any CPU = Release|Any CPU
	EndGlobalSection
	GlobalSection(ProjectConfigurationPlatforms) = postSolution
		{D88C16A9-120B-4059-AFD3-E278F7FAF41F}.Debug|Any CPU.ActiveCfg = Debug|Any CPU
		{D88C16A9-120B-4059-AFD3-E278F7FAF41F}.Debug|Any CPU.Build.0 = Debug|Any CPU
		{D88C16A9-120B-4059-AFD3-E278F7FAF41F}.Release|Any CPU.ActiveCfg = Release|Any CPU
		{D88C16A9-120B-4059-AFD3-E278F7FAF41F}.Release|Any CPU.Build.0 = Release|Any CPU
		{F13C9855-6A5D-4E08-99CC-53AD0777A6CB}.Debug|Any CPU.ActiveCfg = Debug|Any CPU
		{F13C9855-6A5D-4E08-99CC-53AD0777A6CB}.Debug|Any CPU.Build.0 = Debug|Any CPU
		{F13C9855-6A5D-4E08-99CC-53AD0777A6CB}.Release|Any CPU.ActiveCfg = Release|Any CPU
		{F13C9855-6A5D-4E08-99CC-53AD0777A6CB}.Release|Any CPU.Build.0 = Release|Any CPU
		{5002B05A-532A-4791-A850-02459B5C9EA7}.Debug|Any CPU.ActiveCfg = Debug|Any CPU
		{5002B05A-532A-4791-A850-02459B5C9EA7}.Debug|Any CPU.Build.0 = Debug|Any CPU
		{5002B05A-532A-4791-A850-02459B5C9EA7}.Release|Any CPU.ActiveCfg = Release|Any CPU
		{5002B05A-532A-4791-A850-02459B5C9EA7}.Release|Any CPU.Build.0 = Release|Any CPU
		{14FA4D26-5D9F-455B-BFE1-80E92106C254}.Debug|Any CPU.ActiveCfg = Debug|Any CPU
		{14FA4D26-5D9F-455B-BFE1-80E92106C254}.Debug|Any CPU.Build.0 = Debug|Any CPU
		{14FA4D26-5D9F-455B-BFE1-80E92106C254}.Release|Any CPU.ActiveCfg = Release|Any CPU
		{14FA4D26-5D9F-455B-BFE1-80E92106C254}.Release|Any CPU.Build.0 = Release|Any CPU
		{777EF8D8-EDAD-455A-A708-05748E40934A}.Debug|Any CPU.ActiveCfg = Debug|Any CPU
		{777EF8D8-EDAD-455A-A708-05748E40934A}.Debug|Any CPU.Build.0 = Debug|Any CPU
		{777EF8D8-EDAD-455A-A708-05748E40934A}.Release|Any CPU.ActiveCfg = Release|Any CPU
		{777EF8D8-EDAD-455A-A708-05748E40934A}.Release|Any CPU.Build.0 = Release|Any CPU
		{62CDE6A1-E26C-41B1-94A2-53F7D2A9BECC}.Debug|Any CPU.ActiveCfg = Debug|Any CPU
		{62CDE6A1-E26C-41B1-94A2-53F7D2A9BECC}.Debug|Any CPU.Build.0 = Debug|Any CPU
		{62CDE6A1-E26C-41B1-94A2-53F7D2A9BECC}.Release|Any CPU.ActiveCfg = Release|Any CPU
		{62CDE6A1-E26C-41B1-94A2-53F7D2A9BECC}.Release|Any CPU.Build.0 = Release|Any CPU
	EndGlobalSection
	GlobalSection(SolutionProperties) = preSolution
		HideSolutionNode = FALSE
	EndGlobalSection
	GlobalSection(NestedProjects) = preSolution
		{D88C16A9-120B-4059-AFD3-E278F7FAF41F} = {68146042-7EA7-4B63-B672-7AF94718E792}
		{F13C9855-6A5D-4E08-99CC-53AD0777A6CB} = {68146042-7EA7-4B63-B672-7AF94718E792}
		{5002B05A-532A-4791-A850-02459B5C9EA7} = {9C26E7D6-67A9-4C1E-A5B6-DD1DBDD7E837}
		{14FA4D26-5D9F-455B-BFE1-80E92106C254} = {9C26E7D6-67A9-4C1E-A5B6-DD1DBDD7E837}
		{777EF8D8-EDAD-455A-A708-05748E40934A} = {E62189A1-BDF0-4297-836E-994C82599200}
		{62CDE6A1-E26C-41B1-94A2-53F7D2A9BECC} = {E62189A1-BDF0-4297-836E-994C82599200}
	EndGlobalSection
EndGlobal
